%%%% HASHDEEP-1.0
%%%% size,md5,sha256,filename
29156,d9c60506c6b8466f8d06e56f85823de4,8f0c82582a1d482b882ffec4f310130c7a8a4ca1a13ecbd5f9e96c08d3bc85c5,datapackages/ppag/datapackage.json
12173,ad524afa12a6a4fc6d6348a0139623e5,e3fe1015db5aee0a68ea88f04497e68008766df96d9732bfb2612870587e4e06,datapackages/loa/data/base_qdd_plurianual_invest.csv
2271,be4b28e17c30118d6dbfd340b0dd3a23,ce49b7a0d8474633b585131a57c35531828363517b8f2db73469c08bb7015223,datapackages/loa/data/base_orcam_receita_investimento.csv
12346,e3e47df85a013ce3bb504e5d75728dd0,cf3c9dc9f2ce07f1d9e8a2076437639a3a703d7e22c7045c7be214ced3307658,datapackages/loa/data/base_orcam_despesa_investimento.csv
40156,5acadc384eeba2d9fc600a9d2421d640,444d78ca5838deb5b0701d3f6e50797cc26eac95059677439941e31ef26c5454,datapackages/loa/datapackage.json
17037,b8762b900ea4a50bf071dbc4e175d3ca,1c0a66e7ba4bba044328e295e2c5ed2f4db8228282cb7b17204327f0aa6c10e7,datapackages/loa/data/base_qdd_investimento.csv
14414,95b4f2310a75d276605c9ef0ff4dd584,4b83239f3ccc7dbcbebc33f26bbca3f69479967f611ffa5c422b40e5d96c6f94,datapackages/loa/data/base_categoria_pessoal.csv
5531,388174d26151e26241795d3b53c464c1,86743929f84963e68313bbf028ed05d36ba88479ced2149905b7b583421522d9,datapackages/loa/data/base_repasse_recursos.csv
38509,c2f692c39e6442d4ffc3d0aafee952cd,6441d75578d05e5cf2b0395fa9eb80b3913e2ceba420468af04fe4fb93c0797f,datapackages/loa/data/base_limite_cota.csv
63496,072421cd7730eae3272a76fff28ab1b2,cf56f64d0d5b482943c83f5c8ac862aa99c75f568cf4b0359dc43e18ede9cd1e,datapackages/loa/data/base_detalhamento_obras.csv
121852,66f62414a417a2e1a1cfdc014605b852,5c3d3d14a65f04387ab0f935527fa34ad9ee02368d46b20ca484884ca3e765bb,datapackages/ppag/indicadores_planejamento.csv
381,7a47d3533820e564d7678d27fa72e163,d6f45a7f5f949a08a5c9f84f250cd687067d8c218d1f2b37f47ac16008978636,datapackages/loa/data/base_intra_orcamentaria_detalhamento.csv
116696,f81efba0fd0d9dedb1e318513c9ce60c,d4d4529b9f66b37628cc69e6b7db7892cf1f1284db2a71589ba50f8b9e8b53ee,datapackages/loa/data/base_obras_siad.csv
11074,42c3a108ff32866f85e6bbf37d8131e8,12c8128b6fb1a76d130a34117939b378ebdc5bfc0da38a80318a0d20c25fe0fd,datapackages/loa/data/base_unidades_orcamentaria_versoes.csv
185024,dc3b199ef8cb67c49b3e753b030bb6b6,59822ff0b8b778f1d51479d8b77257fcee5e6266549a2660167ee4b6dbe4871d,datapackages/loa/data/base_intra_orcamentaria_repasse.csv
509436,53ea7048f917874db0a7de7340874645,1b99ebac4c335b7827aa664757efb5455d010fce3fcbc1d3bf39bf39536a443a,datapackages/loa/data/base_orcam_receita_fiscal.csv
680250,f63ba91f579fbb49e0caab57402a8681,6a8a41eaf8b2cf414140e0f2529d1e2e13f99133dd4a2247bd7c6091fb724d60,datapackages/loa/data/base_qdd_plurianual.csv
1641045,e51dc77f30e905214aec8027074cad3e,89f8e11581bc92d1d7a2af325358d6273e4251d6283ebe24749eb8e63e03e537,datapackages/loa/data/base_qdd_fiscal.csv
2252188,4b4c0e203cfb936c52cbafeabef513b8,2b3fb1313fb4d966b306d9f4645b855729c4f89df13937c6ff6d97b8308a9832,datapackages/ppag/acoes_planejamento.csv
2374266,59c93caecf041fb79f55fb54e15be21c,647c615c05f5e875abf9c0625b8629a2a16a1e351bf1f610f6d6d31df30f02b2,datapackages/loa/data/base_orcam_despesa_item_fiscal.csv
8091583,953779aa8f16d2f9a6c11b319181f684,6063453938ca8decb28b04a7d919af95ea34511beb094c07c9115c6e43cad128,datapackages/ppag/programas_planejamento.csv
17469684,31965d63e0f189e7cac81ac374ce98b5,502ae765cdfc5a4e59d67a66594c50013af9a6fb0069734623072adecec55b10,datapackages/ppag/localizadores_todos_planejamento.csv
