%%%% HASHDEEP-1.0
%%%% size,md5,sha256,filename
29156,d4187561ffee3d8f50ec1c5bcba2633f,900d2a3a1bfa09972294fd3c9465d267c69877cd3098e6510c83cddcd843f9f9,datapackages/ppag/datapackage.json
11330,d2f99fad494cceec8e8b38383f116760,afab2a5785017e7a60d0182b643bc384197f9c66709a217d9451fbd30f122f18,datapackages/loa/data/base_qdd_plurianual_invest.csv
11632,567d8caac80b9db0553959d0960ff7a5,08ff0c33154146ad23ec722ae777f3e2fa8c6a6ca8ae127e71aa615b8032ab28,datapackages/loa/data/base_orcam_despesa_investimento.csv
2271,be4b28e17c30118d6dbfd340b0dd3a23,ce49b7a0d8474633b585131a57c35531828363517b8f2db73469c08bb7015223,datapackages/loa/data/base_orcam_receita_investimento.csv
40156,61c67d970b69dc7839508db5a64ca588,3287832dbf26dfaf0cb769a2a1f552023ebd75d477ce3129229dcd147803e33f,datapackages/loa/datapackage.json
121759,bbbeaf95fd1173d754428f58513dbe01,c34799c218f34d1c4f89fede070fb2d7d7990ea14864e8d2a43488fbc2b95947,datapackages/ppag/indicadores_planejamento.csv
15877,d74b7ab3e190494802d1816ecea3b6d5,3e378846196f7658b17942886db8997a1f1c4373e7c670a3f60290444b6d28a7,datapackages/loa/data/base_qdd_investimento.csv
14414,8d9c2f615b6f47c450e07b9fee7870c5,92fc7776efe87da420e76c560a1ed90108f896237598f722fa89f30120cebdf2,datapackages/loa/data/base_categoria_pessoal.csv
3746,f3125d130843b03081dee1138138c5bd,7df7fae64f087085aaab7b56f4f0d850508922bd1fbad0d9ddfe27d7e6f7c42b,datapackages/loa/data/base_repasse_recursos.csv
423,3cea2e3039ed4292c841bdcd80b8eec0,8057ed7e84c4120417f2b6c065f3e66a3b30fc86dc737e666aea93787ff824ec,datapackages/loa/data/base_intra_orcamentaria_detalhamento.csv
112496,8a8f0e564027cf7cb1c643eeea84bafe,0117f9f84f0eedbc64ae0780f852b10dbf0ea4ab8a3ce9892d2c048896e207b5,datapackages/loa/data/base_obras_siad.csv
38184,c6ebffae52b27d1c6e3cc1517d9d2f4c,6a3bdda31d9f138b455da375d625573faabe91de98fbf328321978e8982c4d26,datapackages/loa/data/base_limite_cota.csv
62136,0a6b1876ab6348cf37bb2695e251b66d,46377fdeefdd5810ab4b627a5aedbe7c7d77f04f54308d93d5bcf011d69ceede,datapackages/loa/data/base_detalhamento_obras.csv
11074,f9428fce75d3178ace6dd676c5d6ec28,4b27f363867330fcb2d2eb3c77dae681ecd9ce2097f51573a137812cc29367a2,datapackages/loa/data/base_unidades_orcamentaria_versoes.csv
187416,d6f96d707edc748b8c569fac0d17b00b,c258e70712f3314cc176aeb1bafedb132590d00a1fe2df196fd38b62c4dcf56f,datapackages/loa/data/base_intra_orcamentaria_repasse.csv
507865,f37267ee2fb9e3d71adbd2c9373e272b,d2911d6da555056df5974a7ebee1c6147000a2967498a98c163b4706cc30e7f2,datapackages/loa/data/base_orcam_receita_fiscal.csv
670524,ec30431d68ac5e6aed89823a98597cbc,27faba5eb737fda62a517f908b897fad3266ca950d91f83549eea176abe39169,datapackages/loa/data/base_qdd_plurianual.csv
1614777,7a6ae3e70f82286d6f070be533ffd39f,1dce257dcd28fdcc05f4ab0ebd9a5d4cd2ea533f45d8adcaa2b10123b10f5c0e,datapackages/loa/data/base_qdd_fiscal.csv
2238744,fe87709225560783df1d8c15613aca72,110f8ff3013a5870fe05274552ff016ee397913b2f16fca97bdb6f369aa2aca1,datapackages/ppag/acoes_planejamento.csv
2348828,31dc99f83be31db339fa470c7f6a7cf6,1e851914a9b5778ac0f8fa52d9df0e500f0e4f284be73e43e7389cd22cf30507,datapackages/loa/data/base_orcam_despesa_item_fiscal.csv
7805197,e874267e822a7542e42f9461e43dfb4d,42c7c18c9d14b180c191f728766456c18a080ef6eb3a516941e7e331d5daa4e1,datapackages/ppag/programas_planejamento.csv
17464670,8cfc9e383654f8258fecc05b3a467c93,5c6c3579c8444f26440c902a3484d34223d1e3354360b2fee3cb4053fe775682,datapackages/ppag/localizadores_todos_planejamento.csv
